
Microsoft Visual Studio Solution File, Format Version 12.00
# Visual Studio Version 17
VisualStudioVersion = 17.1.32407.343
MinimumVisualStudioVersion = 10.0.40219.1
Project("{FAE04EC0-301F-11D3-BF4B-00C04F79EFBC}") = "esoft", "esoft\esoft.csproj", "{6A62B930-9833-4BC8-BEA5-A868436187F5}"
EndProject
Global
	GlobalSection(SolutionConfigurationPlatforms) = preSolution
		Debug|Any CPU = Debug|Any CPU
		Release|Any CPU = Release|Any CPU
	EndGlobalSection
	GlobalSection(ProjectConfigurationPlatforms) = postSolution
		{6A62B930-9833-4BC8-BEA5-A868436187F5}.Debug|Any CPU.ActiveCfg = Debug|Any CPU
		{6A62B930-9833-4BC8-BEA5-A868436187F5}.Debug|Any CPU.Build.0 = Debug|Any CPU
		{6A62B930-9833-4BC8-BEA5-A868436187F5}.Release|Any CPU.ActiveCfg = Release|Any CPU
		{6A62B930-9833-4BC8-BEA5-A868436187F5}.Release|Any CPU.Build.0 = Release|Any CPU
	EndGlobalSection
	GlobalSection(SolutionProperties) = preSolution
		HideSolutionNode = FALSE
	EndGlobalSection
	GlobalSection(ExtensibilityGlobals) = postSolution
		SolutionGuid = {27A67B85-BE50-41D9-8975-85277418F1AC}
	EndGlobalSection
EndGlobal
